{
  "nodes": {
    "nixpkgs": {
      "locked": {
        "lastModified": 1647565834,
        "narHash": "sha256-CJBVyUGrnoqQrWWDPdhEjUFSU3VSg5CRCsfAbf6pfG4=",
        "owner": "NixOS",
        "repo": "nixpkgs",
        "rev": "6d9ad3ba4a87e0e02acc658440b1647f4b6b1652",
        "type": "github"
      },
      "original": {
        "id": "nixpkgs",
        "ref": "master",
        "type": "indirect"
      }
    },
    "root": {
      "inputs": {
        "nixpkgs": "nixpkgs"
      }
    }
  },
  "root": "root",
  "version": 7
}
