{
  "nodes": {
    "nixpkgs": {
      "locked": {
        "lastModified": 1647490556,
        "narHash": "sha256-R2PXufcbIrYNXMFLNkyFjBfiMzgZ8z7OcRVs3ST4pXU=",
        "owner": "NixOS",
        "repo": "nixpkgs",
        "rev": "3619ffaeb69c83bed903e0d78792a135656ff7fd",
        "type": "github"
      },
      "original": {
        "id": "nixpkgs",
        "ref": "master",
        "type": "indirect"
      }
    },
    "root": {
      "inputs": {
        "nixpkgs": "nixpkgs"
      }
    }
  },
  "root": "root",
  "version": 7
}
