{
  "nodes": {
    "nixpkgs": {
      "locked": {
        "lastModified": 1647860275,
        "narHash": "sha256-khLhzqf64j/vEaxo7O2oTUOOotTVXstToJX7gRFJQCY=",
        "owner": "NixOS",
        "repo": "nixpkgs",
        "rev": "9f836e39ca42a2fc7a9ac38fc95e44af38e979ff",
        "type": "github"
      },
      "original": {
        "id": "nixpkgs",
        "ref": "master",
        "type": "indirect"
      }
    },
    "root": {
      "inputs": {
        "nixpkgs": "nixpkgs"
      }
    }
  },
  "root": "root",
  "version": 7
}
